
Microsoft Visual Studio Solution File, Format Version 12.00
# Visual Studio Version 16
VisualStudioVersion = 16.0.32228.343
MinimumVisualStudioVersion = 10.0.40219.1
Project("{FAE04EC0-301F-11D3-BF4B-00C04F79EFBC}") = "MessingAroundApp", "MessingAroundApp\MessingAroundApp.csproj", "{8D687F03-518E-420C-B74B-3F57F360543D}"
EndProject
Global
	GlobalSection(SolutionConfigurationPlatforms) = preSolution
		Debug|Any CPU = Debug|Any CPU
		Release|Any CPU = Release|Any CPU
	EndGlobalSection
	GlobalSection(ProjectConfigurationPlatforms) = postSolution
		{8D687F03-518E-420C-B74B-3F57F360543D}.Debug|Any CPU.ActiveCfg = Debug|Any CPU
		{8D687F03-518E-420C-B74B-3F57F360543D}.Debug|Any CPU.Build.0 = Debug|Any CPU
		{8D687F03-518E-420C-B74B-3F57F360543D}.Release|Any CPU.ActiveCfg = Release|Any CPU
		{8D687F03-518E-420C-B74B-3F57F360543D}.Release|Any CPU.Build.0 = Release|Any CPU
	EndGlobalSection
	GlobalSection(SolutionProperties) = preSolution
		HideSolutionNode = FALSE
	EndGlobalSection
	GlobalSection(ExtensibilityGlobals) = postSolution
		SolutionGuid = {53720D0E-A17C-42A9-987D-5AC4E84F99AD}
	EndGlobalSection
EndGlobal
